
Microsoft Visual Studio Solution File, Format Version 12.00
# Visual Studio Version 17
VisualStudioVersion = 17.11.35303.130
MinimumVisualStudioVersion = 10.0.40219.1
Project("{8BC9CEB8-8B4A-11D0-8D11-00A0C91BC942}") = "Laboratorna5.3", "Laboratorna5.3\Laboratorna5.3.vcxproj", "{946EA5D6-4AFD-478F-9DA4-DA376BFD1A2D}"
EndProject
Project("{8BC9CEB8-8B4A-11D0-8D11-00A0C91BC942}") = "UnitTest4", "UnitTest4\UnitTest4.vcxproj", "{E878B40C-FC4C-4BDC-A80A-BBA6B71BF4A9}"
EndProject
Global
	GlobalSection(SolutionConfigurationPlatforms) = preSolution
		Debug|x64 = Debug|x64
		Debug|x86 = Debug|x86
		Release|x64 = Release|x64
		Release|x86 = Release|x86
	EndGlobalSection
	GlobalSection(ProjectConfigurationPlatforms) = postSolution
		{946EA5D6-4AFD-478F-9DA4-DA376BFD1A2D}.Debug|x64.ActiveCfg = Debug|x64
		{946EA5D6-4AFD-478F-9DA4-DA376BFD1A2D}.Debug|x64.Build.0 = Debug|x64
		{946EA5D6-4AFD-478F-9DA4-DA376BFD1A2D}.Debug|x86.ActiveCfg = Debug|Win32
		{946EA5D6-4AFD-478F-9DA4-DA376BFD1A2D}.Debug|x86.Build.0 = Debug|Win32
		{946EA5D6-4AFD-478F-9DA4-DA376BFD1A2D}.Release|x64.ActiveCfg = Release|x64
		{946EA5D6-4AFD-478F-9DA4-DA376BFD1A2D}.Release|x64.Build.0 = Release|x64
		{946EA5D6-4AFD-478F-9DA4-DA376BFD1A2D}.Release|x86.ActiveCfg = Release|Win32
		{946EA5D6-4AFD-478F-9DA4-DA376BFD1A2D}.Release|x86.Build.0 = Release|Win32
		{E878B40C-FC4C-4BDC-A80A-BBA6B71BF4A9}.Debug|x64.ActiveCfg = Debug|x64
		{E878B40C-FC4C-4BDC-A80A-BBA6B71BF4A9}.Debug|x64.Build.0 = Debug|x64
		{E878B40C-FC4C-4BDC-A80A-BBA6B71BF4A9}.Debug|x86.ActiveCfg = Debug|Win32
		{E878B40C-FC4C-4BDC-A80A-BBA6B71BF4A9}.Debug|x86.Build.0 = Debug|Win32
		{E878B40C-FC4C-4BDC-A80A-BBA6B71BF4A9}.Release|x64.ActiveCfg = Release|x64
		{E878B40C-FC4C-4BDC-A80A-BBA6B71BF4A9}.Release|x64.Build.0 = Release|x64
		{E878B40C-FC4C-4BDC-A80A-BBA6B71BF4A9}.Release|x86.ActiveCfg = Release|Win32
		{E878B40C-FC4C-4BDC-A80A-BBA6B71BF4A9}.Release|x86.Build.0 = Release|Win32
	EndGlobalSection
	GlobalSection(SolutionProperties) = preSolution
		HideSolutionNode = FALSE
	EndGlobalSection
	GlobalSection(ExtensibilityGlobals) = postSolution
		SolutionGuid = {1EFA0411-5B97-4434-8419-3D1272F34BF8}
	EndGlobalSection
EndGlobal
